{
  "name": "token-sequence-to-word-weight-vector",
  "lockfileVersion": 2,
  "requires": true,
  "packages": {
    "": {
      "dependencies": {
        "compute-cosine-similarity": "^1.0.0",
        "mathjs": "^11.6.0",
        "natural": "^6.2.0",
        "nlp-tokenizer": "^1.0.0"
      }
    },
    "node_modules/@babel/runtime": {
      "version": "7.21.0",
      "resolved": "https://registry.npmjs.org/@babel/runtime/-/runtime-7.21.0.tgz",
      "integrity": "sha512-xwII0//EObnq89Ji5AKYQaRYiW/nZ3llSv29d49IuxPhKbtJoLP+9QUUZ4nVragQVtaVGeZrpB+ZtG/Pdy/POw==",
      "dependencies": {
        "regenerator-runtime": "^0.13.11"
      },
      "engines": {
        "node": ">=6.9.0"
      }
    },
    "node_modules/afinn-165": {
      "version": "1.0.4",
      "resolved": "https://registry.npmjs.org/afinn-165/-/afinn-165-1.0.4.tgz",
      "integrity": "sha512-7+Wlx3BImrK0HiG6y3lU4xX7SpBPSSu8T9iguPMlaueRFxjbYwAQrp9lqZUuFikqKbd/en8lVREILvP2J80uJA==",
      "funding": {
        "type": "github",
        "url": "https://github.com/sponsors/wooorm"
      }
    },
    "node_modules/afinn-165-financialmarketnews": {
      "version": "3.0.0",
      "resolved": "https://registry.npmjs.org/afinn-165-financialmarketnews/-/afinn-165-financialmarketnews-3.0.0.tgz",
      "integrity": "sha512-0g9A1S3ZomFIGDTzZ0t6xmv4AuokBvBmpes8htiyHpH7N4xDmvSQL6UxL/Zcs2ypRb3VwgCscaD8Q3zEawKYhw==",
      "funding": {
        "type": "github",
        "url": "https://github.com/sponsors/wooorm"
      }
    },
    "node_modules/apparatus": {
      "version": "0.0.10",
      "resolved": "https://registry.npmjs.org/apparatus/-/apparatus-0.0.10.tgz",
      "integrity": "sha512-KLy/ugo33KZA7nugtQ7O0E1c8kQ52N3IvD/XgIh4w/Nr28ypfkwDfA67F1ev4N1m5D+BOk1+b2dEJDfpj/VvZg==",
      "dependencies": {
        "sylvester": ">= 0.0.8"
      },
      "engines": {
        "node": ">=0.2.6"
      }
    },
    "node_modules/complex.js": {
      "version": "2.1.1",
      "resolved": "https://registry.npmjs.org/complex.js/-/complex.js-2.1.1.tgz",
      "integrity": "sha512-8njCHOTtFFLtegk6zQo0kkVX1rngygb/KQI6z1qZxlFI3scluC+LVTCFbrkWjBv4vvLlbQ9t88IPMC6k95VTTg==",
      "engines": {
        "node": "*"
      },
      "funding": {
        "type": "patreon",
        "url": "https://www.patreon.com/infusion"
      }
    },
    "node_modules/compute-cosine-similarity": {
      "version": "1.0.0",
      "resolved": "https://registry.npmjs.org/compute-cosine-similarity/-/compute-cosine-similarity-1.0.0.tgz",
      "integrity": "sha512-jPdqVMT8Im6jS+THoDBDKZlGg32g7QeXOiBXeuiMXVEV5Tg8z38Qpvg08mt2qRy9j/H0m6w/VDoKBJ7w7F/sKg==",
      "dependencies": {
        "compute-dot": "^1.1.0",
        "compute-l2norm": "^1.1.0",
        "validate.io-array": "^1.0.5",
        "validate.io-function": "^1.0.2"
      }
    },
    "node_modules/compute-dot": {
      "version": "1.1.0",
      "resolved": "https://registry.npmjs.org/compute-dot/-/compute-dot-1.1.0.tgz",
      "integrity": "sha512-L5Ocet4DdMrXboss13K59OK23GXjiSia7+7Ukc7q4Bl+RVpIXK2W9IHMbWDZkh+JUEvJAwOKRaJDiFUa1LTnJg==",
      "dependencies": {
        "validate.io-array": "^1.0.3",
        "validate.io-function": "^1.0.2"
      }
    },
    "node_modules/compute-l2norm": {
      "version": "1.1.0",
      "resolved": "https://registry.npmjs.org/compute-l2norm/-/compute-l2norm-1.1.0.tgz",
      "integrity": "sha512-6EHh1Elj90eU28SXi+h2PLnTQvZmkkHWySpoFz+WOlVNLz3DQoC4ISUHSV9n5jMxPHtKGJ01F4uu2PsXBB8sSg==",
      "dependencies": {
        "validate.io-array": "^1.0.3",
        "validate.io-function": "^1.0.2"
      }
    },
    "node_modules/decimal.js": {
      "version": "10.4.3",
      "resolved": "https://registry.npmjs.org/decimal.js/-/decimal.js-10.4.3.tgz",
      "integrity": "sha512-VBBaLc1MgL5XpzgIP7ny5Z6Nx3UrRkIViUkPUdtl9aya5amy3De1gsUUSB1g3+3sExYNjCAsAznmukyxCb1GRA=="
    },
    "node_modules/escape-latex": {
      "version": "1.2.0",
      "resolved": "https://registry.npmjs.org/escape-latex/-/escape-latex-1.2.0.tgz",
      "integrity": "sha512-nV5aVWW1K0wEiUIEdZ4erkGGH8mDxGyxSeqPzRNtWP7ataw+/olFObw7hujFWlVjNsaDFw5VZ5NzVSIqRgfTiw=="
    },
    "node_modules/fraction.js": {
      "version": "4.2.0",
      "resolved": "https://registry.npmjs.org/fraction.js/-/fraction.js-4.2.0.tgz",
      "integrity": "sha512-MhLuK+2gUcnZe8ZHlaaINnQLl0xRIGRfcGk2yl8xoQAfHrSsL3rYu6FCmBdkdbhc9EPlwyGHewaRsvwRMJtAlA==",
      "engines": {
        "node": "*"
      },
      "funding": {
        "type": "patreon",
        "url": "https://www.patreon.com/infusion"
      }
    },
    "node_modules/javascript-natural-sort": {
      "version": "0.7.1",
      "resolved": "https://registry.npmjs.org/javascript-natural-sort/-/javascript-natural-sort-0.7.1.tgz",
      "integrity": "sha512-nO6jcEfZWQXDhOiBtG2KvKyEptz7RVbpGP4vTD2hLBdmNQSsCiicO2Ioinv6UI4y9ukqnBpy+XZ9H6uLNgJTlw=="
    },
    "node_modules/mathjs": {
      "version": "11.6.0",
      "resolved": "https://registry.npmjs.org/mathjs/-/mathjs-11.6.0.tgz",
      "integrity": "sha512-6AAhoVvmCJSozTW+pc3XAwe9pLlAO5fYHnrHv4XWb0NQxjdz0DRnT3qneOPkKH6raTnlvHuX3XGLv8BmgXfiEg==",
      "dependencies": {
        "@babel/runtime": "^7.21.0",
        "complex.js": "^2.1.1",
        "decimal.js": "^10.4.3",
        "escape-latex": "^1.2.0",
        "fraction.js": "^4.2.0",
        "javascript-natural-sort": "^0.7.1",
        "seedrandom": "^3.0.5",
        "tiny-emitter": "^2.1.0",
        "typed-function": "^4.1.0"
      },
      "bin": {
        "mathjs": "bin/cli.js"
      },
      "engines": {
        "node": ">= 14"
      }
    },
    "node_modules/natural": {
      "version": "6.2.0",
      "resolved": "https://registry.npmjs.org/natural/-/natural-6.2.0.tgz",
      "integrity": "sha512-/+ceiLjldGcMgCtryGJV6jS2IslPeLE+bwjXry9jOFNl586J1rV5egDa4X8nnPCZmzCeXrE4uHajpkuB/ILH2Q==",
      "dependencies": {
        "afinn-165": "^1.0.2",
        "afinn-165-financialmarketnews": "^3.0.0",
        "apparatus": "^0.0.10",
        "safe-stable-stringify": "^2.2.0",
        "stopwords-iso": "^1.1.0",
        "sylvester": "^0.0.12",
        "underscore": "^1.9.1",
        "wordnet-db": "^3.1.11"
      },
      "engines": {
        "node": ">=0.4.10"
      }
    },
    "node_modules/nlp-tokenizer": {
      "version": "1.0.0",
      "resolved": "https://registry.npmjs.org/nlp-tokenizer/-/nlp-tokenizer-1.0.0.tgz",
      "integrity": "sha512-grZ5hkvRU2oIMwziLLdoZeefajycdfUOQARgxvZysKqtAr4iqBwmOLV1m1VV9Ksjs0KDXGs9QPjj6OcjI+rllg==",
      "engines": {
        "node": ">=8"
      }
    },
    "node_modules/regenerator-runtime": {
      "version": "0.13.11",
      "resolved": "https://registry.npmjs.org/regenerator-runtime/-/regenerator-runtime-0.13.11.tgz",
      "integrity": "sha512-kY1AZVr2Ra+t+piVaJ4gxaFaReZVH40AKNo7UCX6W+dEwBo/2oZJzqfuN1qLq1oL45o56cPaTXELwrTh8Fpggg=="
    },
    "node_modules/safe-stable-stringify": {
      "version": "2.4.2",
      "resolved": "https://registry.npmjs.org/safe-stable-stringify/-/safe-stable-stringify-2.4.2.tgz",
      "integrity": "sha512-gMxvPJYhP0O9n2pvcfYfIuYgbledAOJFcqRThtPRmjscaipiwcwPPKLytpVzMkG2HAN87Qmo2d4PtGiri1dSLA==",
      "engines": {
        "node": ">=10"
      }
    },
    "node_modules/seedrandom": {
      "version": "3.0.5",
      "resolved": "https://registry.npmjs.org/seedrandom/-/seedrandom-3.0.5.tgz",
      "integrity": "sha512-8OwmbklUNzwezjGInmZ+2clQmExQPvomqjL7LFqOYqtmuxRgQYqOD3mHaU+MvZn5FLUeVxVfQjwLZW/n/JFuqg=="
    },
    "node_modules/stopwords-iso": {
      "version": "1.1.0",
      "resolved": "https://registry.npmjs.org/stopwords-iso/-/stopwords-iso-1.1.0.tgz",
      "integrity": "sha512-I6GPS/E0zyieHehMRPQcqkiBMJKGgLta+1hREixhoLPqEA0AlVFiC43dl8uPpmkkeRdDMzYRWFWk5/l9x7nmNg==",
      "engines": {
        "node": ">=0.10.0"
      }
    },
    "node_modules/sylvester": {
      "version": "0.0.12",
      "resolved": "https://registry.npmjs.org/sylvester/-/sylvester-0.0.12.tgz",
      "integrity": "sha512-SzRP5LQ6Ts2G5NyAa/jg16s8e3R7rfdFjizy1zeoecYWw+nGL+YA1xZvW/+iJmidBGSdLkuvdwTYEyJEb+EiUw==",
      "engines": {
        "node": ">=0.2.6"
      }
    },
    "node_modules/tiny-emitter": {
      "version": "2.1.0",
      "resolved": "https://registry.npmjs.org/tiny-emitter/-/tiny-emitter-2.1.0.tgz",
      "integrity": "sha512-NB6Dk1A9xgQPMoGqC5CVXn123gWyte215ONT5Pp5a0yt4nlEoO1ZWeCwpncaekPHXO60i47ihFnZPiRPjRMq4Q=="
    },
    "node_modules/typed-function": {
      "version": "4.1.0",
      "resolved": "https://registry.npmjs.org/typed-function/-/typed-function-4.1.0.tgz",
      "integrity": "sha512-DGwUl6cioBW5gw2L+6SMupGwH/kZOqivy17E4nsh1JI9fKF87orMmlQx3KISQPmg3sfnOUGlwVkroosvgddrlg==",
      "engines": {
        "node": ">= 14"
      }
    },
    "node_modules/underscore": {
      "version": "1.13.6",
      "resolved": "https://registry.npmjs.org/underscore/-/underscore-1.13.6.tgz",
      "integrity": "sha512-+A5Sja4HP1M08MaXya7p5LvjuM7K6q/2EaC0+iovj/wOcMsTzMvDFbasi/oSapiwOlt252IqsKqPjCl7huKS0A=="
    },
    "node_modules/validate.io-array": {
      "version": "1.0.6",
      "resolved": "https://registry.npmjs.org/validate.io-array/-/validate.io-array-1.0.6.tgz",
      "integrity": "sha512-DeOy7CnPEziggrOO5CZhVKJw6S3Yi7e9e65R1Nl/RTN1vTQKnzjfvks0/8kQ40FP/dsjRAOd4hxmJ7uLa6vxkg=="
    },
    "node_modules/validate.io-function": {
      "version": "1.0.2",
      "resolved": "https://registry.npmjs.org/validate.io-function/-/validate.io-function-1.0.2.tgz",
      "integrity": "sha512-LlFybRJEriSuBnUhQyG5bwglhh50EpTL2ul23MPIuR1odjO7XaMLFV8vHGwp7AZciFxtYOeiSCT5st+XSPONiQ=="
    },
    "node_modules/wordnet-db": {
      "version": "3.1.14",
      "resolved": "https://registry.npmjs.org/wordnet-db/-/wordnet-db-3.1.14.tgz",
      "integrity": "sha512-zVyFsvE+mq9MCmwXUWHIcpfbrHHClZWZiVOzKSxNJruIcFn2RbY55zkhiAMMxM8zCVSmtNiViq8FsAZSFpMYag==",
      "engines": {
        "node": ">=0.6.0"
      }
    }
  },
  "dependencies": {
    "@babel/runtime": {
      "version": "7.21.0",
      "resolved": "https://registry.npmjs.org/@babel/runtime/-/runtime-7.21.0.tgz",
      "integrity": "sha512-xwII0//EObnq89Ji5AKYQaRYiW/nZ3llSv29d49IuxPhKbtJoLP+9QUUZ4nVragQVtaVGeZrpB+ZtG/Pdy/POw==",
      "requires": {
        "regenerator-runtime": "^0.13.11"
      }
    },
    "afinn-165": {
      "version": "1.0.4",
      "resolved": "https://registry.npmjs.org/afinn-165/-/afinn-165-1.0.4.tgz",
      "integrity": "sha512-7+Wlx3BImrK0HiG6y3lU4xX7SpBPSSu8T9iguPMlaueRFxjbYwAQrp9lqZUuFikqKbd/en8lVREILvP2J80uJA=="
    },
    "afinn-165-financialmarketnews": {
      "version": "3.0.0",
      "resolved": "https://registry.npmjs.org/afinn-165-financialmarketnews/-/afinn-165-financialmarketnews-3.0.0.tgz",
      "integrity": "sha512-0g9A1S3ZomFIGDTzZ0t6xmv4AuokBvBmpes8htiyHpH7N4xDmvSQL6UxL/Zcs2ypRb3VwgCscaD8Q3zEawKYhw=="
    },
    "apparatus": {
      "version": "0.0.10",
      "resolved": "https://registry.npmjs.org/apparatus/-/apparatus-0.0.10.tgz",
      "integrity": "sha512-KLy/ugo33KZA7nugtQ7O0E1c8kQ52N3IvD/XgIh4w/Nr28ypfkwDfA67F1ev4N1m5D+BOk1+b2dEJDfpj/VvZg==",
      "requires": {
        "sylvester": ">= 0.0.8"
      }
    },
    "complex.js": {
      "version": "2.1.1",
      "resolved": "https://registry.npmjs.org/complex.js/-/complex.js-2.1.1.tgz",
      "integrity": "sha512-8njCHOTtFFLtegk6zQo0kkVX1rngygb/KQI6z1qZxlFI3scluC+LVTCFbrkWjBv4vvLlbQ9t88IPMC6k95VTTg=="
    },
    "compute-cosine-similarity": {
      "version": "1.0.0",
      "resolved": "https://registry.npmjs.org/compute-cosine-similarity/-/compute-cosine-similarity-1.0.0.tgz",
      "integrity": "sha512-jPdqVMT8Im6jS+THoDBDKZlGg32g7QeXOiBXeuiMXVEV5Tg8z38Qpvg08mt2qRy9j/H0m6w/VDoKBJ7w7F/sKg==",
      "requires": {
        "compute-dot": "^1.1.0",
        "compute-l2norm": "^1.1.0",
        "validate.io-array": "^1.0.5",
        "validate.io-function": "^1.0.2"
      }
    },
    "compute-dot": {
      "version": "1.1.0",
      "resolved": "https://registry.npmjs.org/compute-dot/-/compute-dot-1.1.0.tgz",
      "integrity": "sha512-L5Ocet4DdMrXboss13K59OK23GXjiSia7+7Ukc7q4Bl+RVpIXK2W9IHMbWDZkh+JUEvJAwOKRaJDiFUa1LTnJg==",
      "requires": {
        "validate.io-array": "^1.0.3",
        "validate.io-function": "^1.0.2"
      }
    },
    "compute-l2norm": {
      "version": "1.1.0",
      "resolved": "https://registry.npmjs.org/compute-l2norm/-/compute-l2norm-1.1.0.tgz",
      "integrity": "sha512-6EHh1Elj90eU28SXi+h2PLnTQvZmkkHWySpoFz+WOlVNLz3DQoC4ISUHSV9n5jMxPHtKGJ01F4uu2PsXBB8sSg==",
      "requires": {
        "validate.io-array": "^1.0.3",
        "validate.io-function": "^1.0.2"
      }
    },
    "decimal.js": {
      "version": "10.4.3",
      "resolved": "https://registry.npmjs.org/decimal.js/-/decimal.js-10.4.3.tgz",
      "integrity": "sha512-VBBaLc1MgL5XpzgIP7ny5Z6Nx3UrRkIViUkPUdtl9aya5amy3De1gsUUSB1g3+3sExYNjCAsAznmukyxCb1GRA=="
    },
    "escape-latex": {
      "version": "1.2.0",
      "resolved": "https://registry.npmjs.org/escape-latex/-/escape-latex-1.2.0.tgz",
      "integrity": "sha512-nV5aVWW1K0wEiUIEdZ4erkGGH8mDxGyxSeqPzRNtWP7ataw+/olFObw7hujFWlVjNsaDFw5VZ5NzVSIqRgfTiw=="
    },
    "fraction.js": {
      "version": "4.2.0",
      "resolved": "https://registry.npmjs.org/fraction.js/-/fraction.js-4.2.0.tgz",
      "integrity": "sha512-MhLuK+2gUcnZe8ZHlaaINnQLl0xRIGRfcGk2yl8xoQAfHrSsL3rYu6FCmBdkdbhc9EPlwyGHewaRsvwRMJtAlA=="
    },
    "javascript-natural-sort": {
      "version": "0.7.1",
      "resolved": "https://registry.npmjs.org/javascript-natural-sort/-/javascript-natural-sort-0.7.1.tgz",
      "integrity": "sha512-nO6jcEfZWQXDhOiBtG2KvKyEptz7RVbpGP4vTD2hLBdmNQSsCiicO2Ioinv6UI4y9ukqnBpy+XZ9H6uLNgJTlw=="
    },
    "mathjs": {
      "version": "11.6.0",
      "resolved": "https://registry.npmjs.org/mathjs/-/mathjs-11.6.0.tgz",
      "integrity": "sha512-6AAhoVvmCJSozTW+pc3XAwe9pLlAO5fYHnrHv4XWb0NQxjdz0DRnT3qneOPkKH6raTnlvHuX3XGLv8BmgXfiEg==",
      "requires": {
        "@babel/runtime": "^7.21.0",
        "complex.js": "^2.1.1",
        "decimal.js": "^10.4.3",
        "escape-latex": "^1.2.0",
        "fraction.js": "^4.2.0",
        "javascript-natural-sort": "^0.7.1",
        "seedrandom": "^3.0.5",
        "tiny-emitter": "^2.1.0",
        "typed-function": "^4.1.0"
      }
    },
    "natural": {
      "version": "6.2.0",
      "resolved": "https://registry.npmjs.org/natural/-/natural-6.2.0.tgz",
      "integrity": "sha512-/+ceiLjldGcMgCtryGJV6jS2IslPeLE+bwjXry9jOFNl586J1rV5egDa4X8nnPCZmzCeXrE4uHajpkuB/ILH2Q==",
      "requires": {
        "afinn-165": "^1.0.2",
        "afinn-165-financialmarketnews": "^3.0.0",
        "apparatus": "^0.0.10",
        "safe-stable-stringify": "^2.2.0",
        "stopwords-iso": "^1.1.0",
        "sylvester": "^0.0.12",
        "underscore": "^1.9.1",
        "wordnet-db": "^3.1.11"
      }
    },
    "nlp-tokenizer": {
      "version": "1.0.0",
      "resolved": "https://registry.npmjs.org/nlp-tokenizer/-/nlp-tokenizer-1.0.0.tgz",
      "integrity": "sha512-grZ5hkvRU2oIMwziLLdoZeefajycdfUOQARgxvZysKqtAr4iqBwmOLV1m1VV9Ksjs0KDXGs9QPjj6OcjI+rllg=="
    },
    "regenerator-runtime": {
      "version": "0.13.11",
      "resolved": "https://registry.npmjs.org/regenerator-runtime/-/regenerator-runtime-0.13.11.tgz",
      "integrity": "sha512-kY1AZVr2Ra+t+piVaJ4gxaFaReZVH40AKNo7UCX6W+dEwBo/2oZJzqfuN1qLq1oL45o56cPaTXELwrTh8Fpggg=="
    },
    "safe-stable-stringify": {
      "version": "2.4.2",
      "resolved": "https://registry.npmjs.org/safe-stable-stringify/-/safe-stable-stringify-2.4.2.tgz",
      "integrity": "sha512-gMxvPJYhP0O9n2pvcfYfIuYgbledAOJFcqRThtPRmjscaipiwcwPPKLytpVzMkG2HAN87Qmo2d4PtGiri1dSLA=="
    },
    "seedrandom": {
      "version": "3.0.5",
      "resolved": "https://registry.npmjs.org/seedrandom/-/seedrandom-3.0.5.tgz",
      "integrity": "sha512-8OwmbklUNzwezjGInmZ+2clQmExQPvomqjL7LFqOYqtmuxRgQYqOD3mHaU+MvZn5FLUeVxVfQjwLZW/n/JFuqg=="
    },
    "stopwords-iso": {
      "version": "1.1.0",
      "resolved": "https://registry.npmjs.org/stopwords-iso/-/stopwords-iso-1.1.0.tgz",
      "integrity": "sha512-I6GPS/E0zyieHehMRPQcqkiBMJKGgLta+1hREixhoLPqEA0AlVFiC43dl8uPpmkkeRdDMzYRWFWk5/l9x7nmNg=="
    },
    "sylvester": {
      "version": "0.0.12",
      "resolved": "https://registry.npmjs.org/sylvester/-/sylvester-0.0.12.tgz",
      "integrity": "sha512-SzRP5LQ6Ts2G5NyAa/jg16s8e3R7rfdFjizy1zeoecYWw+nGL+YA1xZvW/+iJmidBGSdLkuvdwTYEyJEb+EiUw=="
    },
    "tiny-emitter": {
      "version": "2.1.0",
      "resolved": "https://registry.npmjs.org/tiny-emitter/-/tiny-emitter-2.1.0.tgz",
      "integrity": "sha512-NB6Dk1A9xgQPMoGqC5CVXn123gWyte215ONT5Pp5a0yt4nlEoO1ZWeCwpncaekPHXO60i47ihFnZPiRPjRMq4Q=="
    },
    "typed-function": {
      "version": "4.1.0",
      "resolved": "https://registry.npmjs.org/typed-function/-/typed-function-4.1.0.tgz",
      "integrity": "sha512-DGwUl6cioBW5gw2L+6SMupGwH/kZOqivy17E4nsh1JI9fKF87orMmlQx3KISQPmg3sfnOUGlwVkroosvgddrlg=="
    },
    "underscore": {
      "version": "1.13.6",
      "resolved": "https://registry.npmjs.org/underscore/-/underscore-1.13.6.tgz",
      "integrity": "sha512-+A5Sja4HP1M08MaXya7p5LvjuM7K6q/2EaC0+iovj/wOcMsTzMvDFbasi/oSapiwOlt252IqsKqPjCl7huKS0A=="
    },
    "validate.io-array": {
      "version": "1.0.6",
      "resolved": "https://registry.npmjs.org/validate.io-array/-/validate.io-array-1.0.6.tgz",
      "integrity": "sha512-DeOy7CnPEziggrOO5CZhVKJw6S3Yi7e9e65R1Nl/RTN1vTQKnzjfvks0/8kQ40FP/dsjRAOd4hxmJ7uLa6vxkg=="
    },
    "validate.io-function": {
      "version": "1.0.2",
      "resolved": "https://registry.npmjs.org/validate.io-function/-/validate.io-function-1.0.2.tgz",
      "integrity": "sha512-LlFybRJEriSuBnUhQyG5bwglhh50EpTL2ul23MPIuR1odjO7XaMLFV8vHGwp7AZciFxtYOeiSCT5st+XSPONiQ=="
    },
    "wordnet-db": {
      "version": "3.1.14",
      "resolved": "https://registry.npmjs.org/wordnet-db/-/wordnet-db-3.1.14.tgz",
      "integrity": "sha512-zVyFsvE+mq9MCmwXUWHIcpfbrHHClZWZiVOzKSxNJruIcFn2RbY55zkhiAMMxM8zCVSmtNiViq8FsAZSFpMYag=="
    }
  }
}
